
Microsoft Visual Studio Solution File, Format Version 12.00
# Visual Studio Version 17
VisualStudioVersion = 17.0.31903.59
MinimumVisualStudioVersion = 10.0.40219.1
Project("{2150E333-8FDC-42A3-9474-1A3956D46DE8}") = "AOP", "AOP", "{C9517C08-90B9-437D-BDBE-44DE65F553DA}"
EndProject
Project("{9A19103F-16F7-4668-BE54-9A1E7A4F7556}") = "DotNETStudy.AOP.ConsoleApp", "AOP\DotNETStudy.AOP.ConsoleApp\DotNETStudy.AOP.ConsoleApp.csproj", "{99C07BE7-0C32-42AE-A49C-F8E98E5CD05A}"
EndProject
Project("{9A19103F-16F7-4668-BE54-9A1E7A4F7556}") = "DotNETStudy.AOP.WebApi", "AOP\DotNETStudy.AOP.WebApi\DotNETStudy.AOP.WebApi.csproj", "{6D94EF05-D550-4AD2-A3FA-A5F9482FB61D}"
EndProject
Project("{9A19103F-16F7-4668-BE54-9A1E7A4F7556}") = "DotNETStudy.AOP.ConsoleAOP", "AOP\DotNETStudy.AOP.ConsoleAOP\DotNETStudy.AOP.ConsoleAOP.csproj", "{91419213-806C-49EB-9830-0AD8981B2CD7}"
EndProject
Project("{2150E333-8FDC-42A3-9474-1A3956D46DE8}") = "IoC", "IoC", "{17E37AD3-F9D2-4994-A73F-EA5159117A17}"
EndProject
Project("{9A19103F-16F7-4668-BE54-9A1E7A4F7556}") = "DotNETStudy.IoC.AutofacConsoleApp", "IoC\DotNETStudy.IoC.AutofacConsoleApp\DotNETStudy.IoC.AutofacConsoleApp.csproj", "{0F9081B2-7F74-4705-BC8D-7BC40271DEB3}"
EndProject
Project("{9A19103F-16F7-4668-BE54-9A1E7A4F7556}") = "DotNETStudy.IoC.ConsoleIoC", "IoC\DotNETStudy.IoC.ConsoleIoC\DotNETStudy.IoC.ConsoleIoC.csproj", "{9186B237-FF92-4B61-9646-4868D975FCE2}"
EndProject
Project("{9A19103F-16F7-4668-BE54-9A1E7A4F7556}") = "DotNETStudy.AOP.ConsoleDP", "AOP\DotNETStudy.AOP.ConsoleDP\DotNETStudy.AOP.ConsoleDP.csproj", "{600BAC0E-D2DB-4C9A-896C-2CA81904DE76}"
EndProject
Project("{2150E333-8FDC-42A3-9474-1A3956D46DE8}") = "Auth", "Auth", "{D63CE97B-80AC-41C8-9E44-D78257378CC4}"
EndProject
Project("{9A19103F-16F7-4668-BE54-9A1E7A4F7556}") = "DotNETStudy.Auth.JwtWebApi", "Auth\DotNETStudy.Auth.JwtWebApi\DotNETStudy.Auth.JwtWebApi.csproj", "{4CA34D87-2370-477B-9D35-6D860D4CF0FC}"
EndProject
Project("{2150E333-8FDC-42A3-9474-1A3956D46DE8}") = "Config", "Config", "{74D63978-E7B6-485B-A682-79A3494F7651}"
EndProject
Project("{9A19103F-16F7-4668-BE54-9A1E7A4F7556}") = "DotNETStudy.Config.ConsoleApp", "Config\DotNETStudy.Config.ConsoleApp\DotNETStudy.Config.ConsoleApp.csproj", "{190DEB7C-D9AA-4D6B-B52F-F4D2A423DF99}"
EndProject
Project("{9A19103F-16F7-4668-BE54-9A1E7A4F7556}") = "DotNETStudy.Config.CommandLine", "Config\DotNETStudy.Config.CommandLine\DotNETStudy.Config.CommandLine.csproj", "{B6F9B5D3-899F-4223-AC41-F4C023BE8597}"
EndProject
Project("{9A19103F-16F7-4668-BE54-9A1E7A4F7556}") = "DotNETStudy.Config.Environment", "Config\DotNETStudy.Config.Environment\DotNETStudy.Config.Environment.csproj", "{713FFFC8-B70F-4BA3-8ED6-1938A9B797E9}"
EndProject
Project("{9A19103F-16F7-4668-BE54-9A1E7A4F7556}") = "DotNETStudy.Config.CustomConfigProvider", "Config\DotNETStudy.Config.CustomConfigProvider\DotNETStudy.Config.CustomConfigProvider.csproj", "{DB2236D5-B0E3-4ADA-AD60-0035375D6B1A}"
EndProject
Project("{2150E333-8FDC-42A3-9474-1A3956D46DE8}") = "Async", "Async", "{BEEC05DD-9B58-4FBD-93C8-B701D0BBD22D}"
EndProject
Project("{9A19103F-16F7-4668-BE54-9A1E7A4F7556}") = "DotNETStudy.Async.ConsoleApp", "Async\DotNETStudy.Async.ConsoleApp\DotNETStudy.Async.ConsoleApp.csproj", "{000D67E1-C353-48C2-827B-B1FE1F680E72}"
EndProject
Project("{FAE04EC0-301F-11D3-BF4B-00C04F79EFBC}") = "DotNETStudy.Config.WebApi", "Config\DotNETStudy.Config.WebApi\DotNETStudy.Config.WebApi.csproj", "{8A6A194B-614A-45E3-9AC1-A20F013D81DC}"
EndProject
Global
	GlobalSection(SolutionConfigurationPlatforms) = preSolution
		Debug|Any CPU = Debug|Any CPU
		Release|Any CPU = Release|Any CPU
	EndGlobalSection
	GlobalSection(ProjectConfigurationPlatforms) = postSolution
		{99C07BE7-0C32-42AE-A49C-F8E98E5CD05A}.Debug|Any CPU.ActiveCfg = Debug|Any CPU
		{99C07BE7-0C32-42AE-A49C-F8E98E5CD05A}.Debug|Any CPU.Build.0 = Debug|Any CPU
		{99C07BE7-0C32-42AE-A49C-F8E98E5CD05A}.Release|Any CPU.ActiveCfg = Release|Any CPU
		{99C07BE7-0C32-42AE-A49C-F8E98E5CD05A}.Release|Any CPU.Build.0 = Release|Any CPU
		{6D94EF05-D550-4AD2-A3FA-A5F9482FB61D}.Debug|Any CPU.ActiveCfg = Debug|Any CPU
		{6D94EF05-D550-4AD2-A3FA-A5F9482FB61D}.Debug|Any CPU.Build.0 = Debug|Any CPU
		{6D94EF05-D550-4AD2-A3FA-A5F9482FB61D}.Release|Any CPU.ActiveCfg = Release|Any CPU
		{6D94EF05-D550-4AD2-A3FA-A5F9482FB61D}.Release|Any CPU.Build.0 = Release|Any CPU
		{91419213-806C-49EB-9830-0AD8981B2CD7}.Debug|Any CPU.ActiveCfg = Debug|Any CPU
		{91419213-806C-49EB-9830-0AD8981B2CD7}.Debug|Any CPU.Build.0 = Debug|Any CPU
		{91419213-806C-49EB-9830-0AD8981B2CD7}.Release|Any CPU.ActiveCfg = Release|Any CPU
		{91419213-806C-49EB-9830-0AD8981B2CD7}.Release|Any CPU.Build.0 = Release|Any CPU
		{0F9081B2-7F74-4705-BC8D-7BC40271DEB3}.Debug|Any CPU.ActiveCfg = Debug|Any CPU
		{0F9081B2-7F74-4705-BC8D-7BC40271DEB3}.Debug|Any CPU.Build.0 = Debug|Any CPU
		{0F9081B2-7F74-4705-BC8D-7BC40271DEB3}.Release|Any CPU.ActiveCfg = Release|Any CPU
		{0F9081B2-7F74-4705-BC8D-7BC40271DEB3}.Release|Any CPU.Build.0 = Release|Any CPU
		{9186B237-FF92-4B61-9646-4868D975FCE2}.Debug|Any CPU.ActiveCfg = Debug|Any CPU
		{9186B237-FF92-4B61-9646-4868D975FCE2}.Debug|Any CPU.Build.0 = Debug|Any CPU
		{9186B237-FF92-4B61-9646-4868D975FCE2}.Release|Any CPU.ActiveCfg = Release|Any CPU
		{9186B237-FF92-4B61-9646-4868D975FCE2}.Release|Any CPU.Build.0 = Release|Any CPU
		{600BAC0E-D2DB-4C9A-896C-2CA81904DE76}.Debug|Any CPU.ActiveCfg = Debug|Any CPU
		{600BAC0E-D2DB-4C9A-896C-2CA81904DE76}.Debug|Any CPU.Build.0 = Debug|Any CPU
		{600BAC0E-D2DB-4C9A-896C-2CA81904DE76}.Release|Any CPU.ActiveCfg = Release|Any CPU
		{600BAC0E-D2DB-4C9A-896C-2CA81904DE76}.Release|Any CPU.Build.0 = Release|Any CPU
		{4CA34D87-2370-477B-9D35-6D860D4CF0FC}.Debug|Any CPU.ActiveCfg = Debug|Any CPU
		{4CA34D87-2370-477B-9D35-6D860D4CF0FC}.Debug|Any CPU.Build.0 = Debug|Any CPU
		{4CA34D87-2370-477B-9D35-6D860D4CF0FC}.Release|Any CPU.ActiveCfg = Release|Any CPU
		{4CA34D87-2370-477B-9D35-6D860D4CF0FC}.Release|Any CPU.Build.0 = Release|Any CPU
		{190DEB7C-D9AA-4D6B-B52F-F4D2A423DF99}.Debug|Any CPU.ActiveCfg = Debug|Any CPU
		{190DEB7C-D9AA-4D6B-B52F-F4D2A423DF99}.Debug|Any CPU.Build.0 = Debug|Any CPU
		{190DEB7C-D9AA-4D6B-B52F-F4D2A423DF99}.Release|Any CPU.ActiveCfg = Release|Any CPU
		{190DEB7C-D9AA-4D6B-B52F-F4D2A423DF99}.Release|Any CPU.Build.0 = Release|Any CPU
		{B6F9B5D3-899F-4223-AC41-F4C023BE8597}.Debug|Any CPU.ActiveCfg = Debug|Any CPU
		{B6F9B5D3-899F-4223-AC41-F4C023BE8597}.Debug|Any CPU.Build.0 = Debug|Any CPU
		{B6F9B5D3-899F-4223-AC41-F4C023BE8597}.Release|Any CPU.ActiveCfg = Release|Any CPU
		{B6F9B5D3-899F-4223-AC41-F4C023BE8597}.Release|Any CPU.Build.0 = Release|Any CPU
		{713FFFC8-B70F-4BA3-8ED6-1938A9B797E9}.Debug|Any CPU.ActiveCfg = Debug|Any CPU
		{713FFFC8-B70F-4BA3-8ED6-1938A9B797E9}.Debug|Any CPU.Build.0 = Debug|Any CPU
		{713FFFC8-B70F-4BA3-8ED6-1938A9B797E9}.Release|Any CPU.ActiveCfg = Release|Any CPU
		{713FFFC8-B70F-4BA3-8ED6-1938A9B797E9}.Release|Any CPU.Build.0 = Release|Any CPU
		{DB2236D5-B0E3-4ADA-AD60-0035375D6B1A}.Debug|Any CPU.ActiveCfg = Debug|Any CPU
		{DB2236D5-B0E3-4ADA-AD60-0035375D6B1A}.Debug|Any CPU.Build.0 = Debug|Any CPU
		{DB2236D5-B0E3-4ADA-AD60-0035375D6B1A}.Release|Any CPU.ActiveCfg = Release|Any CPU
		{DB2236D5-B0E3-4ADA-AD60-0035375D6B1A}.Release|Any CPU.Build.0 = Release|Any CPU
		{000D67E1-C353-48C2-827B-B1FE1F680E72}.Debug|Any CPU.ActiveCfg = Debug|Any CPU
		{000D67E1-C353-48C2-827B-B1FE1F680E72}.Debug|Any CPU.Build.0 = Debug|Any CPU
		{000D67E1-C353-48C2-827B-B1FE1F680E72}.Release|Any CPU.ActiveCfg = Release|Any CPU
		{000D67E1-C353-48C2-827B-B1FE1F680E72}.Release|Any CPU.Build.0 = Release|Any CPU
		{8A6A194B-614A-45E3-9AC1-A20F013D81DC}.Debug|Any CPU.ActiveCfg = Debug|Any CPU
		{8A6A194B-614A-45E3-9AC1-A20F013D81DC}.Debug|Any CPU.Build.0 = Debug|Any CPU
		{8A6A194B-614A-45E3-9AC1-A20F013D81DC}.Release|Any CPU.ActiveCfg = Release|Any CPU
		{8A6A194B-614A-45E3-9AC1-A20F013D81DC}.Release|Any CPU.Build.0 = Release|Any CPU
	EndGlobalSection
	GlobalSection(SolutionProperties) = preSolution
		HideSolutionNode = FALSE
	EndGlobalSection
	GlobalSection(NestedProjects) = preSolution
		{99C07BE7-0C32-42AE-A49C-F8E98E5CD05A} = {C9517C08-90B9-437D-BDBE-44DE65F553DA}
		{6D94EF05-D550-4AD2-A3FA-A5F9482FB61D} = {C9517C08-90B9-437D-BDBE-44DE65F553DA}
		{91419213-806C-49EB-9830-0AD8981B2CD7} = {C9517C08-90B9-437D-BDBE-44DE65F553DA}
		{0F9081B2-7F74-4705-BC8D-7BC40271DEB3} = {17E37AD3-F9D2-4994-A73F-EA5159117A17}
		{9186B237-FF92-4B61-9646-4868D975FCE2} = {17E37AD3-F9D2-4994-A73F-EA5159117A17}
		{600BAC0E-D2DB-4C9A-896C-2CA81904DE76} = {C9517C08-90B9-437D-BDBE-44DE65F553DA}
		{4CA34D87-2370-477B-9D35-6D860D4CF0FC} = {D63CE97B-80AC-41C8-9E44-D78257378CC4}
		{190DEB7C-D9AA-4D6B-B52F-F4D2A423DF99} = {74D63978-E7B6-485B-A682-79A3494F7651}
		{B6F9B5D3-899F-4223-AC41-F4C023BE8597} = {74D63978-E7B6-485B-A682-79A3494F7651}
		{713FFFC8-B70F-4BA3-8ED6-1938A9B797E9} = {74D63978-E7B6-485B-A682-79A3494F7651}
		{DB2236D5-B0E3-4ADA-AD60-0035375D6B1A} = {74D63978-E7B6-485B-A682-79A3494F7651}
		{000D67E1-C353-48C2-827B-B1FE1F680E72} = {BEEC05DD-9B58-4FBD-93C8-B701D0BBD22D}
		{8A6A194B-614A-45E3-9AC1-A20F013D81DC} = {74D63978-E7B6-485B-A682-79A3494F7651}
	EndGlobalSection
	GlobalSection(ExtensibilityGlobals) = postSolution
		SolutionGuid = {273C873E-756E-4FA2-8C37-FF10A8F04CD3}
	EndGlobalSection
EndGlobal
