
Microsoft Visual Studio Solution File, Format Version 12.00
# Visual Studio Version 17
VisualStudioVersion = 17.0.31903.59
MinimumVisualStudioVersion = 10.0.40219.1
Project("{2150E333-8FDC-42A3-9474-1A3956D46DE8}") = "AOP", "AOP", "{C9517C08-90B9-437D-BDBE-44DE65F553DA}"
EndProject
Project("{9A19103F-16F7-4668-BE54-9A1E7A4F7556}") = "DotNETStudy.AOP.ConsoleApp", "AOP\DotNETStudy.AOP.ConsoleApp\DotNETStudy.AOP.ConsoleApp.csproj", "{99C07BE7-0C32-42AE-A49C-F8E98E5CD05A}"
EndProject
Project("{9A19103F-16F7-4668-BE54-9A1E7A4F7556}") = "DotNETStudy.AOP.WebApi", "AOP\DotNETStudy.AOP.WebApi\DotNETStudy.AOP.WebApi.csproj", "{6D94EF05-D550-4AD2-A3FA-A5F9482FB61D}"
EndProject
Project("{9A19103F-16F7-4668-BE54-9A1E7A4F7556}") = "DotNETStudy.AOP.ConsoleAOP", "AOP\DotNETStudy.AOP.ConsoleAOP\DotNETStudy.AOP.ConsoleAOP.csproj", "{91419213-806C-49EB-9830-0AD8981B2CD7}"
EndProject
Project("{2150E333-8FDC-42A3-9474-1A3956D46DE8}") = "IoC", "IoC", "{17E37AD3-F9D2-4994-A73F-EA5159117A17}"
EndProject
Project("{9A19103F-16F7-4668-BE54-9A1E7A4F7556}") = "DotNETStudy.IoC.AutofacConsoleApp", "IoC\DotNETStudy.IoC.AutofacConsoleApp\DotNETStudy.IoC.AutofacConsoleApp.csproj", "{0F9081B2-7F74-4705-BC8D-7BC40271DEB3}"
EndProject
Project("{9A19103F-16F7-4668-BE54-9A1E7A4F7556}") = "DotNETStudy.IoC.ConsoleIoC", "IoC\DotNETStudy.IoC.ConsoleIoC\DotNETStudy.IoC.ConsoleIoC.csproj", "{9186B237-FF92-4B61-9646-4868D975FCE2}"
EndProject
Project("{9A19103F-16F7-4668-BE54-9A1E7A4F7556}") = "DotNETStudy.AOP.ConsoleDP", "AOP\DotNETStudy.AOP.ConsoleDP\DotNETStudy.AOP.ConsoleDP.csproj", "{600BAC0E-D2DB-4C9A-896C-2CA81904DE76}"
EndProject
Project("{2150E333-8FDC-42A3-9474-1A3956D46DE8}") = "Auth", "Auth", "{D63CE97B-80AC-41C8-9E44-D78257378CC4}"
EndProject
Project("{9A19103F-16F7-4668-BE54-9A1E7A4F7556}") = "DotNETStudy.Auth.JwtWebApi", "Auth\DotNETStudy.Auth.JwtWebApi\DotNETStudy.Auth.JwtWebApi.csproj", "{4CA34D87-2370-477B-9D35-6D860D4CF0FC}"
EndProject
Project("{2150E333-8FDC-42A3-9474-1A3956D46DE8}") = "Config", "Config", "{74D63978-E7B6-485B-A682-79A3494F7651}"
EndProject
Project("{9A19103F-16F7-4668-BE54-9A1E7A4F7556}") = "DotNETStudy.Config.ConsoleApp", "Config\DotNETStudy.Config.ConsoleApp\DotNETStudy.Config.ConsoleApp.csproj", "{190DEB7C-D9AA-4D6B-B52F-F4D2A423DF99}"
EndProject
Project("{9A19103F-16F7-4668-BE54-9A1E7A4F7556}") = "DotNETStudy.Config.CommandLine", "Config\DotNETStudy.Config.CommandLine\DotNETStudy.Config.CommandLine.csproj", "{B6F9B5D3-899F-4223-AC41-F4C023BE8597}"
EndProject
Project("{9A19103F-16F7-4668-BE54-9A1E7A4F7556}") = "DotNETStudy.Config.Environment", "Config\DotNETStudy.Config.Environment\DotNETStudy.Config.Environment.csproj", "{713FFFC8-B70F-4BA3-8ED6-1938A9B797E9}"
EndProject
Project("{9A19103F-16F7-4668-BE54-9A1E7A4F7556}") = "DotNETStudy.Config.CustomConfigProvider", "Config\DotNETStudy.Config.CustomConfigProvider\DotNETStudy.Config.CustomConfigProvider.csproj", "{DB2236D5-B0E3-4ADA-AD60-0035375D6B1A}"
EndProject
Project("{2150E333-8FDC-42A3-9474-1A3956D46DE8}") = "Async", "Async", "{BEEC05DD-9B58-4FBD-93C8-B701D0BBD22D}"
EndProject
Project("{9A19103F-16F7-4668-BE54-9A1E7A4F7556}") = "DotNETStudy.Async.ConsoleApp", "Async\DotNETStudy.Async.ConsoleApp\DotNETStudy.Async.ConsoleApp.csproj", "{000D67E1-C353-48C2-827B-B1FE1F680E72}"
EndProject
Project("{9A19103F-16F7-4668-BE54-9A1E7A4F7556}") = "DotNETStudy.Config.WebApi", "Config\DotNETStudy.Config.WebApi\DotNETStudy.Config.WebApi.csproj", "{8A6A194B-614A-45E3-9AC1-A20F013D81DC}"
EndProject
Project("{2150E333-8FDC-42A3-9474-1A3956D46DE8}") = "Filter", "Filter", "{5A78C34B-4AC8-4D07-8581-2D9F655CCD88}"
EndProject
Project("{9A19103F-16F7-4668-BE54-9A1E7A4F7556}") = "DotNETStudy.Filter.WebApi", "Filter\DotNETStudy.Filter.WebApi\DotNETStudy.Filter.WebApi.csproj", "{23FFC221-B2E9-40C7-8279-7CA5659158D9}"
EndProject
Project("{9A19103F-16F7-4668-BE54-9A1E7A4F7556}") = "DotNETStudy.Async.ConsoleCancel", "Async\DotNETStudy.Async.ConsoleCancel\DotNETStudy.Async.ConsoleCancel.csproj", "{23FC3611-80AB-4CE0-AEA9-3A0B742B0BF3}"
EndProject
Project("{9A19103F-16F7-4668-BE54-9A1E7A4F7556}") = "DotNETStudy.AOP.OOP2AOP", "AOP\DotNETStudy.AOP.OOP2AOP\DotNETStudy.AOP.OOP2AOP.csproj", "{E29850EA-09BC-42F1-9744-CE0B4FF7B6E1}"
EndProject
Project("{2150E333-8FDC-42A3-9474-1A3956D46DE8}") = "Algorithm", "Algorithm", "{5F58453E-F997-4ABD-A257-46B9CA5A6204}"
EndProject
Project("{FAE04EC0-301F-11D3-BF4B-00C04F79EFBC}") = "DotNETStudy.Algorithm.DynamicArray", "Algorithm\DotNETStudy.Algorithm.DynamicArray\DotNETStudy.Algorithm.DynamicArray.csproj", "{AAA5827C-FABC-4B63-84A7-62DE95C54F09}"
EndProject
Project("{FAE04EC0-301F-11D3-BF4B-00C04F79EFBC}") = "DotNETStudy.Algorithm.LinkedList", "Algorithm\DotNETStudy.Algorithm.LinkedList\DotNETStudy.Algorithm.LinkedList.csproj", "{FA5305AA-3AE6-4282-A561-0412955C7CBF}"
EndProject
Project("{FAE04EC0-301F-11D3-BF4B-00C04F79EFBC}") = "DotNETStudy.Algorithm.BinarySearchTree", "Algorithm\DotNETStudy.Algorithm.BinarySearchTree\DotNETStudy.Algorithm.BinarySearchTree.csproj", "{C8DC29E4-279B-4E8B-A80A-499383FC8567}"
EndProject
Project("{2150E333-8FDC-42A3-9474-1A3956D46DE8}") = "Middleware", "Middleware", "{F01CF321-4108-4240-A18B-2990D022D70E}"
EndProject
Project("{9A19103F-16F7-4668-BE54-9A1E7A4F7556}") = "DotNETStudy.Middleware.Empty", "Middleware\DotNETStudy.Middleware.Empty\DotNETStudy.Middleware.Empty.csproj", "{D397824D-7F52-43E2-8F11-57C48969DE8F}"
EndProject
Project("{9A19103F-16F7-4668-BE54-9A1E7A4F7556}") = "DotNETStudy.Filter.SampleWebApi", "Filter\DotNETStudy.Filter.SampleWebApi\DotNETStudy.Filter.SampleWebApi.csproj", "{8C562471-C6D5-4936-9C78-CB46B0C5AC80}"
EndProject
Project("{2150E333-8FDC-42A3-9474-1A3956D46DE8}") = "Polly", "Polly", "{28B0B292-0BB9-4F63-BBCB-27F7A5B06E54}"
EndProject
Project("{9A19103F-16F7-4668-BE54-9A1E7A4F7556}") = "DotNETStudy.Polly.ConsoleApp", "Polly\DotNETStudy.Polly.ConsoleApp\DotNETStudy.Polly.ConsoleApp.csproj", "{CF88053B-F10F-4B1E-B3BB-D243C27AA4B4}"
EndProject
Project("{2150E333-8FDC-42A3-9474-1A3956D46DE8}") = "Ocelot", "Ocelot", "{4BE6158C-6757-4D21-802C-FD81DD23E661}"
EndProject
Project("{9A19103F-16F7-4668-BE54-9A1E7A4F7556}") = "DotNETStudy.Ocelot.WebApi", "Ocelot\DotNETStudy.Ocelot.WebApi\DotNETStudy.Ocelot.WebApi.csproj", "{C942D742-8586-460F-A789-BEC4FBF3EB0A}"
EndProject
Project("{2150E333-8FDC-42A3-9474-1A3956D46DE8}") = "Consul", "Consul", "{961D4C92-837F-4C19-B6DE-E79F1A33C2EC}"
EndProject
Project("{9A19103F-16F7-4668-BE54-9A1E7A4F7556}") = "DotNETStudy.Consul.ConsulApi", "Consul\DotNETStudy.Consul.ConsulApi\DotNETStudy.Consul.ConsulApi.csproj", "{5EB01E4B-780C-4F6D-861C-25C8E97E959A}"
EndProject
Project("{2150E333-8FDC-42A3-9474-1A3956D46DE8}") = "DDD", "DDD", "{8BBECC5B-A0C2-4A60-A4AD-57B5CC5D3E41}"
EndProject
Project("{FAE04EC0-301F-11D3-BF4B-00C04F79EFBC}") = "DotNETStudy.DDD.MediatR", "DDD\DotNETStudy.DDD.MediatR\DotNETStudy.DDD.MediatR.csproj", "{6E833593-46B2-4547-886F-7B305697DC2B}"
EndProject
Global
	GlobalSection(SolutionConfigurationPlatforms) = preSolution
		Debug|Any CPU = Debug|Any CPU
		Release|Any CPU = Release|Any CPU
	EndGlobalSection
	GlobalSection(ProjectConfigurationPlatforms) = postSolution
		{99C07BE7-0C32-42AE-A49C-F8E98E5CD05A}.Debug|Any CPU.ActiveCfg = Debug|Any CPU
		{99C07BE7-0C32-42AE-A49C-F8E98E5CD05A}.Debug|Any CPU.Build.0 = Debug|Any CPU
		{99C07BE7-0C32-42AE-A49C-F8E98E5CD05A}.Release|Any CPU.ActiveCfg = Release|Any CPU
		{99C07BE7-0C32-42AE-A49C-F8E98E5CD05A}.Release|Any CPU.Build.0 = Release|Any CPU
		{6D94EF05-D550-4AD2-A3FA-A5F9482FB61D}.Debug|Any CPU.ActiveCfg = Debug|Any CPU
		{6D94EF05-D550-4AD2-A3FA-A5F9482FB61D}.Debug|Any CPU.Build.0 = Debug|Any CPU
		{6D94EF05-D550-4AD2-A3FA-A5F9482FB61D}.Release|Any CPU.ActiveCfg = Release|Any CPU
		{6D94EF05-D550-4AD2-A3FA-A5F9482FB61D}.Release|Any CPU.Build.0 = Release|Any CPU
		{91419213-806C-49EB-9830-0AD8981B2CD7}.Debug|Any CPU.ActiveCfg = Debug|Any CPU
		{91419213-806C-49EB-9830-0AD8981B2CD7}.Debug|Any CPU.Build.0 = Debug|Any CPU
		{91419213-806C-49EB-9830-0AD8981B2CD7}.Release|Any CPU.ActiveCfg = Release|Any CPU
		{91419213-806C-49EB-9830-0AD8981B2CD7}.Release|Any CPU.Build.0 = Release|Any CPU
		{0F9081B2-7F74-4705-BC8D-7BC40271DEB3}.Debug|Any CPU.ActiveCfg = Debug|Any CPU
		{0F9081B2-7F74-4705-BC8D-7BC40271DEB3}.Debug|Any CPU.Build.0 = Debug|Any CPU
		{0F9081B2-7F74-4705-BC8D-7BC40271DEB3}.Release|Any CPU.ActiveCfg = Release|Any CPU
		{0F9081B2-7F74-4705-BC8D-7BC40271DEB3}.Release|Any CPU.Build.0 = Release|Any CPU
		{9186B237-FF92-4B61-9646-4868D975FCE2}.Debug|Any CPU.ActiveCfg = Debug|Any CPU
		{9186B237-FF92-4B61-9646-4868D975FCE2}.Debug|Any CPU.Build.0 = Debug|Any CPU
		{9186B237-FF92-4B61-9646-4868D975FCE2}.Release|Any CPU.ActiveCfg = Release|Any CPU
		{9186B237-FF92-4B61-9646-4868D975FCE2}.Release|Any CPU.Build.0 = Release|Any CPU
		{600BAC0E-D2DB-4C9A-896C-2CA81904DE76}.Debug|Any CPU.ActiveCfg = Debug|Any CPU
		{600BAC0E-D2DB-4C9A-896C-2CA81904DE76}.Debug|Any CPU.Build.0 = Debug|Any CPU
		{600BAC0E-D2DB-4C9A-896C-2CA81904DE76}.Release|Any CPU.ActiveCfg = Release|Any CPU
		{600BAC0E-D2DB-4C9A-896C-2CA81904DE76}.Release|Any CPU.Build.0 = Release|Any CPU
		{4CA34D87-2370-477B-9D35-6D860D4CF0FC}.Debug|Any CPU.ActiveCfg = Debug|Any CPU
		{4CA34D87-2370-477B-9D35-6D860D4CF0FC}.Debug|Any CPU.Build.0 = Debug|Any CPU
		{4CA34D87-2370-477B-9D35-6D860D4CF0FC}.Release|Any CPU.ActiveCfg = Release|Any CPU
		{4CA34D87-2370-477B-9D35-6D860D4CF0FC}.Release|Any CPU.Build.0 = Release|Any CPU
		{190DEB7C-D9AA-4D6B-B52F-F4D2A423DF99}.Debug|Any CPU.ActiveCfg = Debug|Any CPU
		{190DEB7C-D9AA-4D6B-B52F-F4D2A423DF99}.Debug|Any CPU.Build.0 = Debug|Any CPU
		{190DEB7C-D9AA-4D6B-B52F-F4D2A423DF99}.Release|Any CPU.ActiveCfg = Release|Any CPU
		{190DEB7C-D9AA-4D6B-B52F-F4D2A423DF99}.Release|Any CPU.Build.0 = Release|Any CPU
		{B6F9B5D3-899F-4223-AC41-F4C023BE8597}.Debug|Any CPU.ActiveCfg = Debug|Any CPU
		{B6F9B5D3-899F-4223-AC41-F4C023BE8597}.Debug|Any CPU.Build.0 = Debug|Any CPU
		{B6F9B5D3-899F-4223-AC41-F4C023BE8597}.Release|Any CPU.ActiveCfg = Release|Any CPU
		{B6F9B5D3-899F-4223-AC41-F4C023BE8597}.Release|Any CPU.Build.0 = Release|Any CPU
		{713FFFC8-B70F-4BA3-8ED6-1938A9B797E9}.Debug|Any CPU.ActiveCfg = Debug|Any CPU
		{713FFFC8-B70F-4BA3-8ED6-1938A9B797E9}.Debug|Any CPU.Build.0 = Debug|Any CPU
		{713FFFC8-B70F-4BA3-8ED6-1938A9B797E9}.Release|Any CPU.ActiveCfg = Release|Any CPU
		{713FFFC8-B70F-4BA3-8ED6-1938A9B797E9}.Release|Any CPU.Build.0 = Release|Any CPU
		{DB2236D5-B0E3-4ADA-AD60-0035375D6B1A}.Debug|Any CPU.ActiveCfg = Debug|Any CPU
		{DB2236D5-B0E3-4ADA-AD60-0035375D6B1A}.Debug|Any CPU.Build.0 = Debug|Any CPU
		{DB2236D5-B0E3-4ADA-AD60-0035375D6B1A}.Release|Any CPU.ActiveCfg = Release|Any CPU
		{DB2236D5-B0E3-4ADA-AD60-0035375D6B1A}.Release|Any CPU.Build.0 = Release|Any CPU
		{000D67E1-C353-48C2-827B-B1FE1F680E72}.Debug|Any CPU.ActiveCfg = Debug|Any CPU
		{000D67E1-C353-48C2-827B-B1FE1F680E72}.Debug|Any CPU.Build.0 = Debug|Any CPU
		{000D67E1-C353-48C2-827B-B1FE1F680E72}.Release|Any CPU.ActiveCfg = Release|Any CPU
		{000D67E1-C353-48C2-827B-B1FE1F680E72}.Release|Any CPU.Build.0 = Release|Any CPU
		{8A6A194B-614A-45E3-9AC1-A20F013D81DC}.Debug|Any CPU.ActiveCfg = Debug|Any CPU
		{8A6A194B-614A-45E3-9AC1-A20F013D81DC}.Debug|Any CPU.Build.0 = Debug|Any CPU
		{8A6A194B-614A-45E3-9AC1-A20F013D81DC}.Release|Any CPU.ActiveCfg = Release|Any CPU
		{8A6A194B-614A-45E3-9AC1-A20F013D81DC}.Release|Any CPU.Build.0 = Release|Any CPU
		{23FFC221-B2E9-40C7-8279-7CA5659158D9}.Debug|Any CPU.ActiveCfg = Debug|Any CPU
		{23FFC221-B2E9-40C7-8279-7CA5659158D9}.Debug|Any CPU.Build.0 = Debug|Any CPU
		{23FFC221-B2E9-40C7-8279-7CA5659158D9}.Release|Any CPU.ActiveCfg = Release|Any CPU
		{23FFC221-B2E9-40C7-8279-7CA5659158D9}.Release|Any CPU.Build.0 = Release|Any CPU
		{23FC3611-80AB-4CE0-AEA9-3A0B742B0BF3}.Debug|Any CPU.ActiveCfg = Debug|Any CPU
		{23FC3611-80AB-4CE0-AEA9-3A0B742B0BF3}.Debug|Any CPU.Build.0 = Debug|Any CPU
		{23FC3611-80AB-4CE0-AEA9-3A0B742B0BF3}.Release|Any CPU.ActiveCfg = Release|Any CPU
		{23FC3611-80AB-4CE0-AEA9-3A0B742B0BF3}.Release|Any CPU.Build.0 = Release|Any CPU
		{E29850EA-09BC-42F1-9744-CE0B4FF7B6E1}.Debug|Any CPU.ActiveCfg = Debug|Any CPU
		{E29850EA-09BC-42F1-9744-CE0B4FF7B6E1}.Debug|Any CPU.Build.0 = Debug|Any CPU
		{E29850EA-09BC-42F1-9744-CE0B4FF7B6E1}.Release|Any CPU.ActiveCfg = Release|Any CPU
		{E29850EA-09BC-42F1-9744-CE0B4FF7B6E1}.Release|Any CPU.Build.0 = Release|Any CPU
		{AAA5827C-FABC-4B63-84A7-62DE95C54F09}.Debug|Any CPU.ActiveCfg = Debug|Any CPU
		{AAA5827C-FABC-4B63-84A7-62DE95C54F09}.Debug|Any CPU.Build.0 = Debug|Any CPU
		{AAA5827C-FABC-4B63-84A7-62DE95C54F09}.Release|Any CPU.ActiveCfg = Release|Any CPU
		{AAA5827C-FABC-4B63-84A7-62DE95C54F09}.Release|Any CPU.Build.0 = Release|Any CPU
		{FA5305AA-3AE6-4282-A561-0412955C7CBF}.Debug|Any CPU.ActiveCfg = Debug|Any CPU
		{FA5305AA-3AE6-4282-A561-0412955C7CBF}.Debug|Any CPU.Build.0 = Debug|Any CPU
		{FA5305AA-3AE6-4282-A561-0412955C7CBF}.Release|Any CPU.ActiveCfg = Release|Any CPU
		{FA5305AA-3AE6-4282-A561-0412955C7CBF}.Release|Any CPU.Build.0 = Release|Any CPU
		{C8DC29E4-279B-4E8B-A80A-499383FC8567}.Debug|Any CPU.ActiveCfg = Debug|Any CPU
		{C8DC29E4-279B-4E8B-A80A-499383FC8567}.Debug|Any CPU.Build.0 = Debug|Any CPU
		{C8DC29E4-279B-4E8B-A80A-499383FC8567}.Release|Any CPU.ActiveCfg = Release|Any CPU
		{C8DC29E4-279B-4E8B-A80A-499383FC8567}.Release|Any CPU.Build.0 = Release|Any CPU
		{D397824D-7F52-43E2-8F11-57C48969DE8F}.Debug|Any CPU.ActiveCfg = Debug|Any CPU
		{D397824D-7F52-43E2-8F11-57C48969DE8F}.Debug|Any CPU.Build.0 = Debug|Any CPU
		{D397824D-7F52-43E2-8F11-57C48969DE8F}.Release|Any CPU.ActiveCfg = Release|Any CPU
		{D397824D-7F52-43E2-8F11-57C48969DE8F}.Release|Any CPU.Build.0 = Release|Any CPU
		{8C562471-C6D5-4936-9C78-CB46B0C5AC80}.Debug|Any CPU.ActiveCfg = Debug|Any CPU
		{8C562471-C6D5-4936-9C78-CB46B0C5AC80}.Debug|Any CPU.Build.0 = Debug|Any CPU
		{8C562471-C6D5-4936-9C78-CB46B0C5AC80}.Release|Any CPU.ActiveCfg = Release|Any CPU
		{8C562471-C6D5-4936-9C78-CB46B0C5AC80}.Release|Any CPU.Build.0 = Release|Any CPU
		{CF88053B-F10F-4B1E-B3BB-D243C27AA4B4}.Debug|Any CPU.ActiveCfg = Debug|Any CPU
		{CF88053B-F10F-4B1E-B3BB-D243C27AA4B4}.Debug|Any CPU.Build.0 = Debug|Any CPU
		{CF88053B-F10F-4B1E-B3BB-D243C27AA4B4}.Release|Any CPU.ActiveCfg = Release|Any CPU
		{CF88053B-F10F-4B1E-B3BB-D243C27AA4B4}.Release|Any CPU.Build.0 = Release|Any CPU
		{C942D742-8586-460F-A789-BEC4FBF3EB0A}.Debug|Any CPU.ActiveCfg = Debug|Any CPU
		{C942D742-8586-460F-A789-BEC4FBF3EB0A}.Debug|Any CPU.Build.0 = Debug|Any CPU
		{C942D742-8586-460F-A789-BEC4FBF3EB0A}.Release|Any CPU.ActiveCfg = Release|Any CPU
		{C942D742-8586-460F-A789-BEC4FBF3EB0A}.Release|Any CPU.Build.0 = Release|Any CPU
		{5EB01E4B-780C-4F6D-861C-25C8E97E959A}.Debug|Any CPU.ActiveCfg = Debug|Any CPU
		{5EB01E4B-780C-4F6D-861C-25C8E97E959A}.Debug|Any CPU.Build.0 = Debug|Any CPU
		{5EB01E4B-780C-4F6D-861C-25C8E97E959A}.Release|Any CPU.ActiveCfg = Release|Any CPU
		{5EB01E4B-780C-4F6D-861C-25C8E97E959A}.Release|Any CPU.Build.0 = Release|Any CPU
		{6E833593-46B2-4547-886F-7B305697DC2B}.Debug|Any CPU.ActiveCfg = Debug|Any CPU
		{6E833593-46B2-4547-886F-7B305697DC2B}.Debug|Any CPU.Build.0 = Debug|Any CPU
		{6E833593-46B2-4547-886F-7B305697DC2B}.Release|Any CPU.ActiveCfg = Release|Any CPU
		{6E833593-46B2-4547-886F-7B305697DC2B}.Release|Any CPU.Build.0 = Release|Any CPU
	EndGlobalSection
	GlobalSection(SolutionProperties) = preSolution
		HideSolutionNode = FALSE
	EndGlobalSection
	GlobalSection(NestedProjects) = preSolution
		{99C07BE7-0C32-42AE-A49C-F8E98E5CD05A} = {C9517C08-90B9-437D-BDBE-44DE65F553DA}
		{6D94EF05-D550-4AD2-A3FA-A5F9482FB61D} = {C9517C08-90B9-437D-BDBE-44DE65F553DA}
		{91419213-806C-49EB-9830-0AD8981B2CD7} = {C9517C08-90B9-437D-BDBE-44DE65F553DA}
		{0F9081B2-7F74-4705-BC8D-7BC40271DEB3} = {17E37AD3-F9D2-4994-A73F-EA5159117A17}
		{9186B237-FF92-4B61-9646-4868D975FCE2} = {17E37AD3-F9D2-4994-A73F-EA5159117A17}
		{600BAC0E-D2DB-4C9A-896C-2CA81904DE76} = {C9517C08-90B9-437D-BDBE-44DE65F553DA}
		{4CA34D87-2370-477B-9D35-6D860D4CF0FC} = {D63CE97B-80AC-41C8-9E44-D78257378CC4}
		{190DEB7C-D9AA-4D6B-B52F-F4D2A423DF99} = {74D63978-E7B6-485B-A682-79A3494F7651}
		{B6F9B5D3-899F-4223-AC41-F4C023BE8597} = {74D63978-E7B6-485B-A682-79A3494F7651}
		{713FFFC8-B70F-4BA3-8ED6-1938A9B797E9} = {74D63978-E7B6-485B-A682-79A3494F7651}
		{DB2236D5-B0E3-4ADA-AD60-0035375D6B1A} = {74D63978-E7B6-485B-A682-79A3494F7651}
		{000D67E1-C353-48C2-827B-B1FE1F680E72} = {BEEC05DD-9B58-4FBD-93C8-B701D0BBD22D}
		{8A6A194B-614A-45E3-9AC1-A20F013D81DC} = {74D63978-E7B6-485B-A682-79A3494F7651}
		{23FFC221-B2E9-40C7-8279-7CA5659158D9} = {5A78C34B-4AC8-4D07-8581-2D9F655CCD88}
		{23FC3611-80AB-4CE0-AEA9-3A0B742B0BF3} = {BEEC05DD-9B58-4FBD-93C8-B701D0BBD22D}
		{E29850EA-09BC-42F1-9744-CE0B4FF7B6E1} = {C9517C08-90B9-437D-BDBE-44DE65F553DA}
		{AAA5827C-FABC-4B63-84A7-62DE95C54F09} = {5F58453E-F997-4ABD-A257-46B9CA5A6204}
		{FA5305AA-3AE6-4282-A561-0412955C7CBF} = {5F58453E-F997-4ABD-A257-46B9CA5A6204}
		{C8DC29E4-279B-4E8B-A80A-499383FC8567} = {5F58453E-F997-4ABD-A257-46B9CA5A6204}
		{D397824D-7F52-43E2-8F11-57C48969DE8F} = {F01CF321-4108-4240-A18B-2990D022D70E}
		{8C562471-C6D5-4936-9C78-CB46B0C5AC80} = {5A78C34B-4AC8-4D07-8581-2D9F655CCD88}
		{CF88053B-F10F-4B1E-B3BB-D243C27AA4B4} = {28B0B292-0BB9-4F63-BBCB-27F7A5B06E54}
		{C942D742-8586-460F-A789-BEC4FBF3EB0A} = {4BE6158C-6757-4D21-802C-FD81DD23E661}
		{5EB01E4B-780C-4F6D-861C-25C8E97E959A} = {961D4C92-837F-4C19-B6DE-E79F1A33C2EC}
		{6E833593-46B2-4547-886F-7B305697DC2B} = {8BBECC5B-A0C2-4A60-A4AD-57B5CC5D3E41}
	EndGlobalSection
	GlobalSection(ExtensibilityGlobals) = postSolution
		SolutionGuid = {273C873E-756E-4FA2-8C37-FF10A8F04CD3}
	EndGlobalSection
EndGlobal
